github.com/Des1red/clihelp v1.0.2 h1:3jE0u7B8y5oGdrUDfj6Vfa4tpmmwFUmSdMMae3ZWloY=
github.com/Des1red/clihelp v1.0.2/go.mod h1:4sMd2I5rpd6Sqb/o9EC4P37OajqkQeZMzxGZ2TIPaTg=
github.com/Des1red/goinstall v0.0.0-20261007174718-294c4b350a05 h1:i8rrHbVXaelv19+K/kfuvpCNw0V8kJXkhwrow2jVorc=
github.com/Des1red/goinstall v0.0.0-20261007174718-294c4b350a05/go.mod h1:OJZB4fBTCFol58fG6nrivVbQda5E+OcqDEWOJ1HPCds=
golang.org/x/net v0.57.0 h1:K5+3DljvIuDG9/Jv9rvyMywYNFCQ9RSUY6OOTTkT+tE=
golang.org/x/net v0.57.0/go.mod h1:KpXc8iv+r3XplLAG/f7Jsf9RPszJzdR0f58q9vGOuEU=
golang.org/x/sys v0.47.0 h1:o7XGOvZQCADBQQ4Y7VNq2dRWQR7JmOUW8Kxx4ZsNgWs=
golang.org/x/sys v0.47.0/go.mod h1:4GL1E5IUh+htKOUEOaiffhrAeqysfVGipDYzABqnCmw=
